
Microsoft Visual Studio Solution File, Format Version 12.00
# Visual Studio Version 17
VisualStudioVersion = 17.4.33110.190
MinimumVisualStudioVersion = 10.0.40219.1
Project("{FAE04EC0-301F-11D3-BF4B-00C04F79EFBC}") = "ConsoleApp4", "ConsoleApp4\ConsoleApp4.csproj", "{8D12A489-2E8A-48A6-834E-2EF7D705AC85}"
EndProject
Global
	GlobalSection(SolutionConfigurationPlatforms) = preSolution
		Debug|Any CPU = Debug|Any CPU
		Release|Any CPU = Release|Any CPU
	EndGlobalSection
	GlobalSection(ProjectConfigurationPlatforms) = postSolution
		{8D12A489-2E8A-48A6-834E-2EF7D705AC85}.Debug|Any CPU.ActiveCfg = Debug|Any CPU
		{8D12A489-2E8A-48A6-834E-2EF7D705AC85}.Debug|Any CPU.Build.0 = Debug|Any CPU
		{8D12A489-2E8A-48A6-834E-2EF7D705AC85}.Release|Any CPU.ActiveCfg = Release|Any CPU
		{8D12A489-2E8A-48A6-834E-2EF7D705AC85}.Release|Any CPU.Build.0 = Release|Any CPU
	EndGlobalSection
	GlobalSection(SolutionProperties) = preSolution
		HideSolutionNode = FALSE
	EndGlobalSection
	GlobalSection(ExtensibilityGlobals) = postSolution
		SolutionGuid = {8531D9DE-AA4B-4751-9D95-D9672DECBCB2}
	EndGlobalSection
EndGlobal
